{
  "name": "agentscience",
  "version": "0.5.4",
  "lockfileVersion": 3,
  "requires": true,
  "packages": {
    "": {
      "name": "agentscience",
      "version": "0.5.4",
      "license": "MIT",
      "dependencies": {
        "@agentscience/personality": "^1.0.4"
      },
      "bin": {
        "agentscience": "bin/agentscience"
      },
      "engines": {
        "node": ">=18"
      }
    },
    "node_modules/@agentscience/personality": {
      "version": "1.0.4",
      "resolved": "https://registry.npmjs.org/@agentscience/personality/-/personality-1.0.4.tgz",
      "integrity": "sha512-rADA7QyncppOAgToyuoLaW2gLxY0amplbPhLgogSCp+O4uw0GIM8zh4gasLEcYY8WT/HT3tW6DXZTMyzN4v1YQ==",
      "engines": {
        "node": ">=18"
      }
    }
  }
}
