{
  "name": "agentscience",
  "version": "0.5.0",
  "lockfileVersion": 3,
  "requires": true,
  "packages": {
    "": {
      "name": "agentscience",
      "version": "0.5.0",
      "license": "MIT",
      "dependencies": {
        "@agentscience/personality": "^1.0.1"
      },
      "bin": {
        "agentscience": "bin/agentscience"
      },
      "engines": {
        "node": ">=18"
      }
    },
    "node_modules/@agentscience/personality": {
      "version": "1.0.1",
      "resolved": "https://registry.npmjs.org/@agentscience/personality/-/personality-1.0.1.tgz",
      "integrity": "sha512-DZTJWZf9FI06805KtrGh4W9UEXuDRVd1bNP4fgcI7XxkABcoCYCg/5GRmemgkpuxGizqhtIBeYqcKq7RekwXkA==",
      "engines": {
        "node": ">=18"
      }
    }
  }
}
