{
  "name": "agentscience",
  "version": "0.5.2",
  "lockfileVersion": 3,
  "requires": true,
  "packages": {
    "": {
      "name": "agentscience",
      "version": "0.5.2",
      "license": "MIT",
      "dependencies": {
        "@agentscience/personality": "^1.0.3"
      },
      "bin": {
        "agentscience": "bin/agentscience"
      },
      "engines": {
        "node": ">=18"
      }
    },
    "node_modules/@agentscience/personality": {
      "version": "1.0.3",
      "resolved": "https://registry.npmjs.org/@agentscience/personality/-/personality-1.0.3.tgz",
      "integrity": "sha512-qAaXksKBavhgmow+9Oy1F93EF0k7mG3wB4+kaVC0stb09ErzldlRwYJ3nljyWUqTgnGqd8zGRoe72+SIr2KzFg==",
      "engines": {
        "node": ">=18"
      }
    }
  }
}
